
Microsoft Visual Studio Solution File, Format Version 12.00
# Visual Studio Version 16
VisualStudioVersion = 16.0.29613.14
MinimumVisualStudioVersion = 10.0.40219.1
Project("{FAE04EC0-301F-11D3-BF4B-00C04F79EFBC}") = "ASPStock.Website", "ASPStock.Website.csproj", "{C65BCF07-6140-4D2F-AFC9-5FACDB57603C}"
EndProject
Global
	GlobalSection(SolutionConfigurationPlatforms) = preSolution
		Debug|Any CPU = Debug|Any CPU
		Release|Any CPU = Release|Any CPU
	EndGlobalSection
	GlobalSection(ProjectConfigurationPlatforms) = postSolution
		{C65BCF07-6140-4D2F-AFC9-5FACDB57603C}.Debug|Any CPU.ActiveCfg = Debug|Any CPU
		{C65BCF07-6140-4D2F-AFC9-5FACDB57603C}.Debug|Any CPU.Build.0 = Debug|Any CPU
		{C65BCF07-6140-4D2F-AFC9-5FACDB57603C}.Release|Any CPU.ActiveCfg = Release|Any CPU
		{C65BCF07-6140-4D2F-AFC9-5FACDB57603C}.Release|Any CPU.Build.0 = Release|Any CPU
	EndGlobalSection
	GlobalSection(SolutionProperties) = preSolution
		HideSolutionNode = FALSE
	EndGlobalSection
	GlobalSection(ExtensibilityGlobals) = postSolution
		SolutionGuid = {D317703C-1BF9-4B15-9926-92E74FE3DE43}
	EndGlobalSection
EndGlobal
